
Microsoft Visual Studio Solution File, Format Version 12.00
# Visual Studio Version 16
VisualStudioVersion = 16.0.31205.134
MinimumVisualStudioVersion = 10.0.40219.1
Project("{9A19103F-16F7-4668-BE54-9A1E7A4F7556}") = "CarsIsland.EventBus", "CarsIsland.EventBus\CarsIsland.EventBus.csproj", "{0405CA7F-D496-417B-8F4D-1C08E8C47386}"
EndProject
Project("{2150E333-8FDC-42A3-9474-1A3956D46DE8}") = "BuildingBlocks", "BuildingBlocks", "{DDAA4BEE-BC92-4990-939B-380B73F0AFAF}"
EndProject
Project("{2150E333-8FDC-42A3-9474-1A3956D46DE8}") = "Catalog", "Catalog", "{E3FCDA3F-8266-4623-9F5F-F45F1731F5E0}"
EndProject
Project("{9A19103F-16F7-4668-BE54-9A1E7A4F7556}") = "CarsIsland.Catalog.Domain", "CarsIsland.Catalog.Domain\CarsIsland.Catalog.Domain.csproj", "{BC50EEDC-A7DA-4334-84C4-C8AFFF59B5C7}"
EndProject
Project("{9A19103F-16F7-4668-BE54-9A1E7A4F7556}") = "CarsIsland.Catalog.Infrastructure", "CarsIsland.Catalog.Infrastructure\CarsIsland.Catalog.Infrastructure.csproj", "{230E847E-AAB0-4C50-BB7C-6959AE36B28D}"
EndProject
Project("{9A19103F-16F7-4668-BE54-9A1E7A4F7556}") = "CarsIsland.Catalog.Api", "CarsIsland.Catalog.Api\CarsIsland.Catalog.Api.csproj", "{2A4623C7-AE85-43C9-BF8D-9167B476FE7F}"
EndProject
Project("{FAE04EC0-301F-11D3-BF4B-00C04F79EFBC}") = "CarsIsland.EventLog", "CarsIsland.EventLog\CarsIsland.EventLog.csproj", "{10A84932-1C32-4235-933C-E97E9B911EB9}"
EndProject
Global
	GlobalSection(SolutionConfigurationPlatforms) = preSolution
		Debug|Any CPU = Debug|Any CPU
		Release|Any CPU = Release|Any CPU
	EndGlobalSection
	GlobalSection(ProjectConfigurationPlatforms) = postSolution
		{0405CA7F-D496-417B-8F4D-1C08E8C47386}.Debug|Any CPU.ActiveCfg = Debug|Any CPU
		{0405CA7F-D496-417B-8F4D-1C08E8C47386}.Debug|Any CPU.Build.0 = Debug|Any CPU
		{0405CA7F-D496-417B-8F4D-1C08E8C47386}.Release|Any CPU.ActiveCfg = Release|Any CPU
		{0405CA7F-D496-417B-8F4D-1C08E8C47386}.Release|Any CPU.Build.0 = Release|Any CPU
		{BC50EEDC-A7DA-4334-84C4-C8AFFF59B5C7}.Debug|Any CPU.ActiveCfg = Debug|Any CPU
		{BC50EEDC-A7DA-4334-84C4-C8AFFF59B5C7}.Debug|Any CPU.Build.0 = Debug|Any CPU
		{BC50EEDC-A7DA-4334-84C4-C8AFFF59B5C7}.Release|Any CPU.ActiveCfg = Release|Any CPU
		{BC50EEDC-A7DA-4334-84C4-C8AFFF59B5C7}.Release|Any CPU.Build.0 = Release|Any CPU
		{230E847E-AAB0-4C50-BB7C-6959AE36B28D}.Debug|Any CPU.ActiveCfg = Debug|Any CPU
		{230E847E-AAB0-4C50-BB7C-6959AE36B28D}.Debug|Any CPU.Build.0 = Debug|Any CPU
		{230E847E-AAB0-4C50-BB7C-6959AE36B28D}.Release|Any CPU.ActiveCfg = Release|Any CPU
		{230E847E-AAB0-4C50-BB7C-6959AE36B28D}.Release|Any CPU.Build.0 = Release|Any CPU
		{2A4623C7-AE85-43C9-BF8D-9167B476FE7F}.Debug|Any CPU.ActiveCfg = Debug|Any CPU
		{2A4623C7-AE85-43C9-BF8D-9167B476FE7F}.Debug|Any CPU.Build.0 = Debug|Any CPU
		{2A4623C7-AE85-43C9-BF8D-9167B476FE7F}.Release|Any CPU.ActiveCfg = Release|Any CPU
		{2A4623C7-AE85-43C9-BF8D-9167B476FE7F}.Release|Any CPU.Build.0 = Release|Any CPU
		{10A84932-1C32-4235-933C-E97E9B911EB9}.Debug|Any CPU.ActiveCfg = Debug|Any CPU
		{10A84932-1C32-4235-933C-E97E9B911EB9}.Debug|Any CPU.Build.0 = Debug|Any CPU
		{10A84932-1C32-4235-933C-E97E9B911EB9}.Release|Any CPU.ActiveCfg = Release|Any CPU
		{10A84932-1C32-4235-933C-E97E9B911EB9}.Release|Any CPU.Build.0 = Release|Any CPU
	EndGlobalSection
	GlobalSection(SolutionProperties) = preSolution
		HideSolutionNode = FALSE
	EndGlobalSection
	GlobalSection(NestedProjects) = preSolution
		{0405CA7F-D496-417B-8F4D-1C08E8C47386} = {DDAA4BEE-BC92-4990-939B-380B73F0AFAF}
		{BC50EEDC-A7DA-4334-84C4-C8AFFF59B5C7} = {E3FCDA3F-8266-4623-9F5F-F45F1731F5E0}
		{230E847E-AAB0-4C50-BB7C-6959AE36B28D} = {E3FCDA3F-8266-4623-9F5F-F45F1731F5E0}
		{2A4623C7-AE85-43C9-BF8D-9167B476FE7F} = {E3FCDA3F-8266-4623-9F5F-F45F1731F5E0}
		{10A84932-1C32-4235-933C-E97E9B911EB9} = {DDAA4BEE-BC92-4990-939B-380B73F0AFAF}
	EndGlobalSection
	GlobalSection(ExtensibilityGlobals) = postSolution
		SolutionGuid = {FA04FBF0-1E0F-4AC7-BF5A-2AB41999110A}
	EndGlobalSection
EndGlobal
